dependencies:
  espressif/cmake_utilities:
    component_hash: 351350613ceafba240b761b4ea991e0f231ac7a9f59a9ee901f751bddc0bb18f
    dependencies:
    - name: idf
      require: private
      version: '>=4.1'
    source:
      registry_url: https://components.espressif.com
      type: service
    version: 0.5.3
  espressif/i2c_bus:
    component_hash: e3dddc78baa172f4768f3973fbecbd6c6c1f2cb23cc6a36cf3132758be092482
    dependencies:
    - name: espressif/cmake_utilities
      registry_url: https://components.espressif.com
      require: private
      version: 0.*
    - name: idf
      require: private
      version: '>=4.0'
    source:
      registry_url: https://components.espressif.com/
      type: service
    version: 1.4.0
  idf:
    source:
      type: idf
    version: 5.4.1
  m5stack/m5gfx:
    component_hash: a44875eb6d6577bddcf1669ad5dec35e1afa425b7ca8e99af6b38505f37840e6
    dependencies: []
    source:
      registry_url: https://components.espressif.com
      type: service
    version: 0.2.9
  m5stack/m5unified:
    component_hash: 9ff51561f550bf6061597fef38bd023654f98502d79c68e286cca07fadb249fd
    dependencies:
    - name: m5stack/m5gfx
      registry_url: https://components.espressif.com
      require: private
      version: ^0.2.8
    source:
      registry_url: https://components.espressif.com/
      type: service
    version: 0.2.7
direct_dependencies:
- espressif/i2c_bus
- idf
- m5stack/m5unified
manifest_hash: 586d1b477689e993b19d041089aad0b09c85445876595aa923cf0e8c0e0e9bca
target: esp32
version: 2.0.0
